
Microsoft Visual Studio Solution File, Format Version 12.00
# Visual Studio 2015
Project("{FAE04EC0-301F-11D3-BF4B-00C04F79EFBC}") = "MyProject01.Plugins", "MyProject01.Plugins.csproj", "{5F5DB2DD-90C7-01E0-9C97-B82D3FF283BD}"
EndProject
Project("{FAE04EC0-301F-11D3-BF4B-00C04F79EFBC}") = "MyProject01", "MyProject01.csproj", "{0CEF8E0A-CC2A-FE3A-617F-166F527DCB62}"
EndProject
Project("{FAE04EC0-301F-11D3-BF4B-00C04F79EFBC}") = "MyProject01.Editor.Plugins", "MyProject01.Editor.Plugins.csproj", "{D220FF4C-4433-AB01-6E69-E195201155D4}"
EndProject
Global
	GlobalSection(SolutionConfigurationPlatforms) = preSolution
		Debug|Any CPU = Debug|Any CPU
		Release|Any CPU = Release|Any CPU
	EndGlobalSection
	GlobalSection(ProjectConfigurationPlatforms) = postSolution
		{5F5DB2DD-90C7-01E0-9C97-B82D3FF283BD}.Debug|Any CPU.ActiveCfg = Debug|Any CPU
		{5F5DB2DD-90C7-01E0-9C97-B82D3FF283BD}.Debug|Any CPU.Build.0 = Debug|Any CPU
		{5F5DB2DD-90C7-01E0-9C97-B82D3FF283BD}.Release|Any CPU.ActiveCfg = Release|Any CPU
		{5F5DB2DD-90C7-01E0-9C97-B82D3FF283BD}.Release|Any CPU.Build.0 = Release|Any CPU
		{0CEF8E0A-CC2A-FE3A-617F-166F527DCB62}.Debug|Any CPU.ActiveCfg = Debug|Any CPU
		{0CEF8E0A-CC2A-FE3A-617F-166F527DCB62}.Debug|Any CPU.Build.0 = Debug|Any CPU
		{0CEF8E0A-CC2A-FE3A-617F-166F527DCB62}.Release|Any CPU.ActiveCfg = Release|Any CPU
		{0CEF8E0A-CC2A-FE3A-617F-166F527DCB62}.Release|Any CPU.Build.0 = Release|Any CPU
		{D220FF4C-4433-AB01-6E69-E195201155D4}.Debug|Any CPU.ActiveCfg = Debug|Any CPU
		{D220FF4C-4433-AB01-6E69-E195201155D4}.Debug|Any CPU.Build.0 = Debug|Any CPU
		{D220FF4C-4433-AB01-6E69-E195201155D4}.Release|Any CPU.ActiveCfg = Release|Any CPU
		{D220FF4C-4433-AB01-6E69-E195201155D4}.Release|Any CPU.Build.0 = Release|Any CPU
	EndGlobalSection
	GlobalSection(SolutionProperties) = preSolution
		HideSolutionNode = FALSE
	EndGlobalSection
EndGlobal
